// !$*UTF8*$!
{
	archiveVersion = 1;
	classes = {
	};
	objectVersion = 50;
	objects = {

/* Begin PBXBuildFile section */
		ADC5EBF76198CB1915D699D5 /* Pods_Todoey.framework in Frameworks */ = {isa = PBXBuildFile; fileRef = C217AD66D7F46EEB90C6C627 /* Pods_Todoey.framework */; };
		F10FCA3721DB1E01004F3A9D /* CategoryViewController.swift in Sources */ = {isa = PBXBuildFile; fileRef = F10FCA3621DB1E00004F3A9D /* CategoryViewController.swift */; };
		F147483221DCF37B006CD3D2 /* SwipeTableViewController.swift in Sources */ = {isa = PBXBuildFile; fileRef = F147483121DCF37B006CD3D2 /* SwipeTableViewController.swift */; };
		F167310521DC896A00DAC947 /* Item.swift in Sources */ = {isa = PBXBuildFile; fileRef = F167310421DC896A00DAC947 /* Item.swift */; };
		F167310721DC897300DAC947 /* Category.swift in Sources */ = {isa = PBXBuildFile; fileRef = F167310621DC897300DAC947 /* Category.swift */; };
		F1E47F6121D8B23500C72384 /* AppDelegate.swift in Sources */ = {isa = PBXBuildFile; fileRef = F1E47F6021D8B23500C72384 /* AppDelegate.swift */; };
		F1E47F6321D8B23500C72384 /* TodoListViewController.swift in Sources */ = {isa = PBXBuildFile; fileRef = F1E47F6221D8B23500C72384 /* TodoListViewController.swift */; };
		F1E47F6621D8B23500C72384 /* Main.storyboard in Resources */ = {isa = PBXBuildFile; fileRef = F1E47F6421D8B23500C72384 /* Main.storyboard */; };
		F1E47F6821D8B23700C72384 /* Assets.xcassets in Resources */ = {isa = PBXBuildFile; fileRef = F1E47F6721D8B23700C72384 /* Assets.xcassets */; };
		F1E47F6B21D8B23700C72384 /* LaunchScreen.storyboard in Resources */ = {isa = PBXBuildFile; fileRef = F1E47F6921D8B23700C72384 /* LaunchScreen.storyboard */; };
/* End PBXBuildFile section */

/* Begin PBXFileReference section */
		312D49909BADA0C3EB7EA15F /* Pods-Todoey.release.xcconfig */ = {isa = PBXFileReference; includeInIndex = 1; lastKnownFileType = text.xcconfig; name = "Pods-Todoey.release.xcconfig"; path = "Pods/Target Support Files/Pods-Todoey/Pods-Todoey.release.xcconfig"; sourceTree = "<group>"; };
		4FEBA33F7A7B7E1479FD5997 /* Pods-Todoey.debug.xcconfig */ = {isa = PBXFileReference; includeInIndex = 1; lastKnownFileType = text.xcconfig; name = "Pods-Todoey.debug.xcconfig"; path = "Pods/Target Support Files/Pods-Todoey/Pods-Todoey.debug.xcconfig"; sourceTree = "<group>"; };
		C217AD66D7F46EEB90C6C627 /* Pods_Todoey.framework */ = {isa = PBXFileReference; explicitFileType = wrapper.framework; includeInIndex = 0; path = Pods_Todoey.framework; sourceTree = BUILT_PRODUCTS_DIR; };
		F10FCA3621DB1E00004F3A9D /* CategoryViewController.swift */ = {isa = PBXFileReference; lastKnownFileType = sourcecode.swift; path = CategoryViewController.swift; sourceTree = "<group>"; };
		F147483121DCF37B006CD3D2 /* SwipeTableViewController.swift */ = {isa = PBXFileReference; lastKnownFileType = sourcecode.swift; path = SwipeTableViewController.swift; sourceTree = "<group>"; };
		F167310421DC896A00DAC947 /* Item.swift */ = {isa = PBXFileReference; lastKnownFileType = sourcecode.swift; path = Item.swift; sourceTree = "<group>"; };
		F167310621DC897300DAC947 /* Category.swift */ = {isa = PBXFileReference; lastKnownFileType = sourcecode.swift; path = Category.swift; sourceTree = "<group>"; };
		F1E47F5D21D8B23500C72384 /* Todoey.app */ = {isa = PBXFileReference; explicitFileType = wrapper.application; includeInIndex = 0; path = Todoey.app; sourceTree = BUILT_PRODUCTS_DIR; };
		F1E47F6021D8B23500C72384 /* AppDelegate.swift */ = {isa = PBXFileReference; lastKnownFileType = sourcecode.swift; path = AppDelegate.swift; sourceTree = "<group>"; };
		F1E47F6221D8B23500C72384 /* TodoListViewController.swift */ = {isa = PBXFileReference; lastKnownFileType = sourcecode.swift; path = TodoListViewController.swift; sourceTree = "<group>"; };
		F1E47F6521D8B23500C72384 /* Base */ = {isa = PBXFileReference; lastKnownFileType = file.storyboard; name = Base; path = Base.lproj/Main.storyboard; sourceTree = "<group>"; };
		F1E47F6721D8B23700C72384 /* Assets.xcassets */ = {isa = PBXFileReference; lastKnownFileType = folder.assetcatalog; path = Assets.xcassets; sourceTree = "<group>"; };
		F1E47F6A21D8B23700C72384 /* Base */ = {isa = PBXFileReference; lastKnownFileType = file.storyboard; name = Base; path = Base.lproj/LaunchScreen.storyboard; sourceTree = "<group>"; };
		F1E47F6C21D8B23800C72384 /* Info.plist */ = {isa = PBXFileReference; lastKnownFileType = text.plist.xml; path = Info.plist; sourceTree = "<group>"; };
/* End PBXFileReference section */

/* Begin PBXFrameworksBuildPhase section */
		F1E47F5A21D8B23500C72384 /* Frameworks */ = {
			isa = PBXFrameworksBuildPhase;
			buildActionMask = 2147483647;
			files = (
				ADC5EBF76198CB1915D699D5 /* Pods_Todoey.framework in Frameworks */,
			);
			runOnlyForDeploymentPostprocessing = 0;
		};
/* End PBXFrameworksBuildPhase section */

/* Begin PBXGroup section */
		22DDC8E51127959DF0C49CE3 /* Pods */ = {
			isa = PBXGroup;
			children = (
				4FEBA33F7A7B7E1479FD5997 /* Pods-Todoey.debug.xcconfig */,
				312D49909BADA0C3EB7EA15F /* Pods-Todoey.release.xcconfig */,
			);
			name = Pods;
			sourceTree = "<group>";
		};
		E52D7F2B4DC61F7A7DDF5814 /* Frameworks */ = {
			isa = PBXGroup;
			children = (
				C217AD66D7F46EEB90C6C627 /* Pods_Todoey.framework */,
			);
			name = Frameworks;
			sourceTree = "<group>";
		};
		F10FCA0C21D92413004F3A9D /* Data Model */ = {
			isa = PBXGroup;
			children = (
				F167310621DC897300DAC947 /* Category.swift */,
				F167310421DC896A00DAC947 /* Item.swift */,
			);
			path = "Data Model";
			sourceTree = "<group>";
		};
		F10FCA0F21D924ED004F3A9D /* Controllers */ = {
			isa = PBXGroup;
			children = (
				F10FCA3621DB1E00004F3A9D /* CategoryViewController.swift */,
				F1E47F6221D8B23500C72384 /* TodoListViewController.swift */,
				F147483121DCF37B006CD3D2 /* SwipeTableViewController.swift */,
			);
			path = Controllers;
			sourceTree = "<group>";
		};
		F10FCA1021D924F7004F3A9D /* View */ = {
			isa = PBXGroup;
			children = (
				F1E47F6421D8B23500C72384 /* Main.storyboard */,
			);
			path = View;
			sourceTree = "<group>";
		};
		F10FCA1121D924FF004F3A9D /* Supporting Files */ = {
			isa = PBXGroup;
			children = (
				F1E47F6721D8B23700C72384 /* Assets.xcassets */,
				F1E47F6921D8B23700C72384 /* LaunchScreen.storyboard */,
			);
			path = "Supporting Files";
			sourceTree = "<group>";
		};
		F1E47F5421D8B23500C72384 = {
			isa = PBXGroup;
			children = (
				F1E47F5F21D8B23500C72384 /* Todoey */,
				F1E47F5E21D8B23500C72384 /* Products */,
				22DDC8E51127959DF0C49CE3 /* Pods */,
				E52D7F2B4DC61F7A7DDF5814 /* Frameworks */,
			);
			sourceTree = "<group>";
		};
		F1E47F5E21D8B23500C72384 /* Products */ = {
			isa = PBXGroup;
			children = (
				F1E47F5D21D8B23500C72384 /* Todoey.app */,
			);
			name = Products;
			sourceTree = "<group>";
		};
		F1E47F5F21D8B23500C72384 /* Todoey */ = {
			isa = PBXGroup;
			children = (
				F1E47F6021D8B23500C72384 /* AppDelegate.swift */,
				F10FCA0F21D924ED004F3A9D /* Controllers */,
				F10FCA0C21D92413004F3A9D /* Data Model */,
				F10FCA1021D924F7004F3A9D /* View */,
				F10FCA1121D924FF004F3A9D /* Supporting Files */,
				F1E47F6C21D8B23800C72384 /* Info.plist */,
			);
			path = Todoey;
			sourceTree = "<group>";
		};
/* End PBXGroup section */

/* Begin PBXNativeTarget section */
		F1E47F5C21D8B23500C72384 /* Todoey */ = {
			isa = PBXNativeTarget;
			buildConfigurationList = F1E47F6F21D8B23800C72384 /* Build configuration list for PBXNativeTarget "Todoey" */;
			buildPhases = (
				5AF5B478AD99D1E14EB00443 /* [CP] Check Pods Manifest.lock */,
				F1E47F5921D8B23500C72384 /* Sources */,
				F1E47F5A21D8B23500C72384 /* Frameworks */,
				F1E47F5B21D8B23500C72384 /* Resources */,
				28A57A8DEF4903CB4A5C838A /* [CP] Embed Pods Frameworks */,
			);
			buildRules = (
			);
			dependencies = (
			);
			name = Todoey;
			productName = Todoey;
			productReference = F1E47F5D21D8B23500C72384 /* Todoey.app */;
			productType = "com.apple.product-type.application";
		};
/* End PBXNativeTarget section */

/* Begin PBXProject section */
		F1E47F5521D8B23500C72384 /* Project object */ = {
			isa = PBXProject;
			attributes = {
				LastSwiftUpdateCheck = 1010;
				LastUpgradeCheck = 1010;
				ORGANIZATIONNAME = "Jayyoung Yang";
				TargetAttributes = {
					F1E47F5C21D8B23500C72384 = {
						CreatedOnToolsVersion = 10.1;
					};
				};
			};
			buildConfigurationList = F1E47F5821D8B23500C72384 /* Build configuration list for PBXProject "Todoey" */;
			compatibilityVersion = "Xcode 9.3";
			developmentRegion = en;
			hasScannedForEncodings = 0;
			knownRegions = (
				en,
				Base,
			);
			mainGroup = F1E47F5421D8B23500C72384;
			productRefGroup = F1E47F5E21D8B23500C72384 /* Products */;
			projectDirPath = "";
			projectRoot = "";
			targets = (
				F1E47F5C21D8B23500C72384 /* Todoey */,
			);
		};
/* End PBXProject section */

/* Begin PBXResourcesBuildPhase section */
		F1E47F5B21D8B23500C72384 /* Resources */ = {
			isa = PBXResourcesBuildPhase;
			buildActionMask = 2147483647;
			files = (
				F1E47F6B21D8B23700C72384 /* LaunchScreen.storyboard in Resources */,
				F1E47F6821D8B23700C72384 /* Assets.xcassets in Resources */,
				F1E47F6621D8B23500C72384 /* Main.storyboard in Resources */,
			);
			runOnlyForDeploymentPostprocessing = 0;
		};
/* End PBXResourcesBuildPhase section */

/* Begin PBXShellScriptBuildPhase section */
		28A57A8DEF4903CB4A5C838A /* [CP] Embed Pods Frameworks */ = {
			isa = PBXShellScriptBuildPhase;
			buildActionMask = 2147483647;
			files = (
			);
			inputFileListPaths = (
			);
			inputPaths = (
				"${SRCROOT}/Pods/Target Support Files/Pods-Todoey/Pods-Todoey-frameworks.sh",
				"${BUILT_PRODUCTS_DIR}/ChameleonFramework/ChameleonFramework.framework",
				"${BUILT_PRODUCTS_DIR}/Realm/Realm.framework",
				"${BUILT_PRODUCTS_DIR}/RealmSwift/RealmSwift.framework",
				"${BUILT_PRODUCTS_DIR}/SwipeCellKit/SwipeCellKit.framework",
			);
			name = "[CP] Embed Pods Frameworks";
			outputFileListPaths = (
			);
			outputPaths = (
				"${TARGET_BUILD_DIR}/${FRAMEWORKS_FOLDER_PATH}/ChameleonFramework.framework",
				"${TARGET_BUILD_DIR}/${FRAMEWORKS_FOLDER_PATH}/Realm.framework",
				"${TARGET_BUILD_DIR}/${FRAMEWORKS_FOLDER_PATH}/RealmSwift.framework",
				"${TARGET_BUILD_DIR}/${FRAMEWORKS_FOLDER_PATH}/SwipeCellKit.framework",
			);
			runOnlyForDeploymentPostprocessing = 0;
			shellPath = /bin/sh;
			shellScript = "\"${SRCROOT}/Pods/Target Support Files/Pods-Todoey/Pods-Todoey-frameworks.sh\"\n";
			showEnvVarsInLog = 0;
		};
		5AF5B478AD99D1E14EB00443 /* [CP] Check Pods Manifest.lock */ = {
			isa = PBXShellScriptBuildPhase;
			buildActionMask = 2147483647;
			files = (
			);
			inputFileListPaths = (
			);
			inputPaths = (
				"${PODS_PODFILE_DIR_PATH}/Podfile.lock",
				"${PODS_ROOT}/Manifest.lock",
			);
			name = "[CP] Check Pods Manifest.lock";
			outputFileListPaths = (
			);
			outputPaths = (
				"$(DERIVED_FILE_DIR)/Pods-Todoey-checkManifestLockResult.txt",
			);
			runOnlyForDeploymentPostprocessing = 0;
			shellPath = /bin/sh;
			shellScript = "diff \"${PODS_PODFILE_DIR_PATH}/Podfile.lock\" \"${PODS_ROOT}/Manifest.lock\" > /dev/null\nif [ $? != 0 ] ; then\n    # print error to STDERR\n    echo \"error: The sandbox is not in sync with the Podfile.lock. Run 'pod install' or update your CocoaPods installation.\" >&2\n    exit 1\nfi\n# This output is used by Xcode 'outputs' to avoid re-running this script phase.\necho \"SUCCESS\" > \"${SCRIPT_OUTPUT_FILE_0}\"\n";
			showEnvVarsInLog = 0;
		};
/* End PBXShellScriptBuildPhase section */

/* Begin PBXSourcesBuildPhase section */
		F1E47F5921D8B23500C72384 /* Sources */ = {
			isa = PBXSourcesBuildPhase;
			buildActionMask = 2147483647;
			files = (
				F167310521DC896A00DAC947 /* Item.swift in Sources */,
				F10FCA3721DB1E01004F3A9D /* CategoryViewController.swift in Sources */,
				F1E47F6321D8B23500C72384 /* TodoListViewController.swift in Sources */,
				F1E47F6121D8B23500C72384 /* AppDelegate.swift in Sources */,
				F147483221DCF37B006CD3D2 /* SwipeTableViewController.swift in Sources */,
				F167310721DC897300DAC947 /* Category.swift in Sources */,
			);
			runOnlyForDeploymentPostprocessing = 0;
		};
/* End PBXSourcesBuildPhase section */

/* Begin PBXVariantGroup section */
		F1E47F6421D8B23500C72384 /* Main.storyboard */ = {
			isa = PBXVariantGroup;
			children = (
				F1E47F6521D8B23500C72384 /* Base */,
			);
			name = Main.storyboard;
			sourceTree = "<group>";
		};
		F1E47F6921D8B23700C72384 /* LaunchScreen.storyboard */ = {
			isa = PBXVariantGroup;
			children = (
				F1E47F6A21D8B23700C72384 /* Base */,
			);
			name = LaunchScreen.storyboard;
			sourceTree = "<group>";
		};
/* End PBXVariantGroup section */

/* Begin XCBuildConfiguration section */
		F1E47F6D21D8B23800C72384 /* Debug */ = {
			isa = XCBuildConfiguration;
			buildSettings = {
				ALWAYS_SEARCH_USER_PATHS = NO;
				CLANG_ANALYZER_NONNULL = YES;
				CLANG_ANALYZER_NUMBER_OBJECT_CONVERSION = YES_AGGRESSIVE;
				CLANG_CXX_LANGUAGE_STANDARD = "gnu++14";
				CLANG_CXX_LIBRARY = "libc++";
				CLANG_ENABLE_MODULES = YES;
				CLANG_ENABLE_OBJC_ARC = YES;
				CLANG_ENABLE_OBJC_WEAK = YES;
				CLANG_WARN_BLOCK_CAPTURE_AUTORELEASING = YES;
				CLANG_WARN_BOOL_CONVERSION = YES;
				CLANG_WARN_COMMA = YES;
				CLANG_WARN_CONSTANT_CONVERSION = YES;
				CLANG_WARN_DEPRECATED_OBJC_IMPLEMENTATIONS = YES;
				CLANG_WARN_DIRECT_OBJC_ISA_USAGE = YES_ERROR;
				CLANG_WARN_DOCUMENTATION_COMMENTS = YES;
				CLANG_WARN_EMPTY_BODY = YES;
				CLANG_WARN_ENUM_CONVERSION = YES;
				CLANG_WARN_INFINITE_RECURSION = YES;
				CLANG_WARN_INT_CONVERSION = YES;
				CLANG_WARN_NON_LITERAL_NULL_CONVERSION = YES;
				CLANG_WARN_OBJC_IMPLICIT_RETAIN_SELF = YES;
				CLANG_WARN_OBJC_LITERAL_CONVERSION = YES;
				CLANG_WARN_OBJC_ROOT_CLASS = YES_ERROR;
				CLANG_WARN_RANGE_LOOP_ANALYSIS = YES;
				CLANG_WARN_STRICT_PROTOTYPES = YES;
				CLANG_WARN_SUSPICIOUS_MOVE = YES;
				CLANG_WARN_UNGUARDED_AVAILABILITY = YES_AGGRESSIVE;
				CLANG_WARN_UNREACHABLE_CODE = YES;
				CLANG_WARN__DUPLICATE_METHOD_MATCH = YES;
				CODE_SIGN_IDENTITY = "iPhone Developer";
				COPY_PHASE_STRIP = NO;
				DEBUG_INFORMATION_FORMAT = dwarf;
				ENABLE_STRICT_OBJC_MSGSEND = YES;
				ENABLE_TESTABILITY = YES;
				GCC_C_LANGUAGE_STANDARD = gnu11;
				GCC_DYNAMIC_NO_PIC = NO;
				GCC_NO_COMMON_BLOCKS = YES;
				GCC_OPTIMIZATION_LEVEL = 0;
				GCC_PREPROCESSOR_DEFINITIONS = (
					"DEBUG=1",
					"$(inherited)",
				);
				GCC_WARN_64_TO_32_BIT_CONVERSION = YES;
				GCC_WARN_ABOUT_RETURN_TYPE = YES_ERROR;
				GCC_WARN_UNDECLARED_SELECTOR = YES;
				GCC_WARN_UNINITIALIZED_AUTOS = YES_AGGRESSIVE;
				GCC_WARN_UNUSED_FUNCTION = YES;
				GCC_WARN_UNUSED_VARIABLE = YES;
				IPHONEOS_DEPLOYMENT_TARGET = 12.1;
				MTL_ENABLE_DEBUG_INFO = INCLUDE_SOURCE;
				MTL_FAST_MATH = YES;
				ONLY_ACTIVE_ARCH = YES;
				SDKROOT = iphoneos;
				SWIFT_ACTIVE_COMPILATION_CONDITIONS = DEBUG;
				SWIFT_OPTIMIZATION_LEVEL = "-Onone";
			};
			name = Debug;
		};
		F1E47F6E21D8B23800C72384 /* Release */ = {
			isa = XCBuildConfiguration;
			buildSettings = {
				ALWAYS_SEARCH_USER_PATHS = NO;
				CLANG_ANALYZER_NONNULL = YES;
				CLANG_ANALYZER_NUMBER_OBJECT_CONVERSION = YES_AGGRESSIVE;
				CLANG_CXX_LANGUAGE_STANDARD = "gnu++14";
				CLANG_CXX_LIBRARY = "libc++";
				CLANG_ENABLE_MODULES = YES;
				CLANG_ENABLE_OBJC_ARC = YES;
				CLANG_ENABLE_OBJC_WEAK = YES;
				CLANG_WARN_BLOCK_CAPTURE_AUTORELEASING = YES;
				CLANG_WARN_BOOL_CONVERSION = YES;
				CLANG_WARN_COMMA = YES;
				CLANG_WARN_CONSTANT_CONVERSION = YES;
				CLANG_WARN_DEPRECATED_OBJC_IMPLEMENTATIONS = YES;
				CLANG_WARN_DIRECT_OBJC_ISA_USAGE = YES_ERROR;
				CLANG_WARN_DOCUMENTATION_COMMENTS = YES;
				CLANG_WARN_EMPTY_BODY = YES;
				CLANG_WARN_ENUM_CONVERSION = YES;
				CLANG_WARN_INFINITE_RECURSION = YES;
				CLANG_WARN_INT_CONVERSION = YES;
				CLANG_WARN_NON_LITERAL_NULL_CONVERSION = YES;
				CLANG_WARN_OBJC_IMPLICIT_RETAIN_SELF = YES;
				CLANG_WARN_OBJC_LITERAL_CONVERSION = YES;
				CLANG_WARN_OBJC_ROOT_CLASS = YES_ERROR;
				CLANG_WARN_RANGE_LOOP_ANALYSIS = YES;
				CLANG_WARN_STRICT_PROTOTYPES = YES;
				CLANG_WARN_SUSPICIOUS_MOVE = YES;
				CLANG_WARN_UNGUARDED_AVAILABILITY = YES_AGGRESSIVE;
				CLANG_WARN_UNREACHABLE_CODE = YES;
				CLANG_WARN__DUPLICATE_METHOD_MATCH = YES;
				CODE_SIGN_IDENTITY = "iPhone Developer";
				COPY_PHASE_STRIP = NO;
				DEBUG_INFORMATION_FORMAT = "dwarf-with-dsym";
				ENABLE_NS_ASSERTIONS = NO;
				ENABLE_STRICT_OBJC_MSGSEND = YES;
				GCC_C_LANGUAGE_STANDARD = gnu11;
				GCC_NO_COMMON_BLOCKS = YES;
				GCC_WARN_64_TO_32_BIT_CONVERSION = YES;
				GCC_WARN_ABOUT_RETURN_TYPE = YES_ERROR;
				GCC_WARN_UNDECLARED_SELECTOR = YES;
				GCC_WARN_UNINITIALIZED_AUTOS = YES_AGGRESSIVE;
				GCC_WARN_UNUSED_FUNCTION = YES;
				GCC_WARN_UNUSED_VARIABLE = YES;
				IPHONEOS_DEPLOYMENT_TARGET = 12.1;
				MTL_ENABLE_DEBUG_INFO = NO;
				MTL_FAST_MATH = YES;
				SDKROOT = iphoneos;
				SWIFT_COMPILATION_MODE = wholemodule;
				SWIFT_OPTIMIZATION_LEVEL = "-O";
				VALIDATE_PRODUCT = YES;
			};
			name = Release;
		};
		F1E47F7021D8B23800C72384 /* Debug */ = {
			isa = XCBuildConfiguration;
			baseConfigurationReference = 4FEBA33F7A7B7E1479FD5997 /* Pods-Todoey.debug.xcconfig */;
			buildSettings = {
				ASSETCATALOG_COMPILER_APPICON_NAME = AppIcon;
				CODE_SIGN_STYLE = Automatic;
				DEVELOPMENT_TEAM = D9K66KVZ6Y;
				INFOPLIST_FILE = Todoey/Info.plist;
				LD_RUNPATH_SEARCH_PATHS = (
					"$(inherited)",
					"@executable_path/Frameworks",
				);
				PRODUCT_BUNDLE_IDENTIFIER = kr.jay1103.Todoey;
				PRODUCT_NAME = "$(TARGET_NAME)";
				SWIFT_VERSION = 4.2;
				TARGETED_DEVICE_FAMILY = "1,2";
			};
			name = Debug;
		};
		F1E47F7121D8B23800C72384 /* Release */ = {
			isa = XCBuildConfiguration;
			baseConfigurationReference = 312D49909BADA0C3EB7EA15F /* Pods-Todoey.release.xcconfig */;
			buildSettings = {
				ASSETCATALOG_COMPILER_APPICON_NAME = AppIcon;
				CODE_SIGN_STYLE = Automatic;
				DEVELOPMENT_TEAM = D9K66KVZ6Y;
				INFOPLIST_FILE = Todoey/Info.plist;
				LD_RUNPATH_SEARCH_PATHS = (
					"$(inherited)",
					"@executable_path/Frameworks",
				);
				PRODUCT_BUNDLE_IDENTIFIER = kr.jay1103.Todoey;
				PRODUCT_NAME = "$(TARGET_NAME)";
				SWIFT_VERSION = 4.2;
				TARGETED_DEVICE_FAMILY = "1,2";
			};
			name = Release;
		};
/* End XCBuildConfiguration section */

/* Begin XCConfigurationList section */
		F1E47F5821D8B23500C72384 /* Build configuration list for PBXProject "Todoey" */ = {
			isa = XCConfigurationList;
			buildConfigurations = (
				F1E47F6D21D8B23800C72384 /* Debug */,
				F1E47F6E21D8B23800C72384 /* Release */,
			);
			defaultConfigurationIsVisible = 0;
			defaultConfigurationName = Release;
		};
		F1E47F6F21D8B23800C72384 /* Build configuration list for PBXNativeTarget "Todoey" */ = {
			isa = XCConfigurationList;
			buildConfigurations = (
				F1E47F7021D8B23800C72384 /* Debug */,
				F1E47F7121D8B23800C72384 /* Release */,
			);
			defaultConfigurationIsVisible = 0;
			defaultConfigurationName = Release;
		};
/* End XCConfigurationList section */
	};
	rootObject = F1E47F5521D8B23500C72384 /* Project object */;
}
